{
  "version": 4,
  "terraform_version": "1.4.6",
  "serial": 4,
  "lineage": "323b1359-5921-1cd5-1b74-6a5b47f3b47d",
  "outputs": {
    "azurerm_resource": {
      "value": "yaeger",
      "type": "string"
    }
  },
  "resources": [
    {
      "mode": "managed",
      "type": "azurerm_resource_group",
      "name": "yaeger",
      "provider": "provider[\"registry.terraform.io/hashicorp/azurerm\"]",
      "instances": [
        {
          "schema_version": 0,
          "attributes": {
            "id": "/subscriptions/0d7ae6b8-8cbd-4139-a316-a9aab542580c/resourceGroups/yaeger",
            "location": "westeurope",
            "name": "yaeger",
            "tags": {},
            "timeouts": null
          },
          "sensitive_attributes": [],
          "private": "eyJlMmJmYjczMC1lY2FhLTExZTYtOGY4OC0zNDM2M2JjN2M0YzAiOnsiY3JlYXRlIjo1NDAwMDAwMDAwMDAwLCJkZWxldGUiOjU0MDAwMDAwMDAwMDAsInJlYWQiOjMwMDAwMDAwMDAwMCwidXBkYXRlIjo1NDAwMDAwMDAwMDAwfX0="
        }
      ]
    },
    {
      "mode": "managed",
      "type": "azurerm_virtual_network",
      "name": "yaeger",
      "provider": "provider[\"registry.terraform.io/hashicorp/azurerm\"]",
      "instances": [
        {
          "schema_version": 0,
          "attributes": {
            "address_space": [
              "10.0.0.0/16"
            ],
            "bgp_community": "",
            "ddos_protection_plan": [],
            "dns_servers": [],
            "edge_zone": "",
            "flow_timeout_in_minutes": 0,
            "guid": "31dca294-193f-472e-aa7f-dc74d5aacfb3",
            "id": "/subscriptions/0d7ae6b8-8cbd-4139-a316-a9aab542580c/resourceGroups/yaeger/providers/Microsoft.Network/virtualNetworks/yaeger",
            "location": "westeurope",
            "name": "yaeger",
            "resource_group_name": "yaeger",
            "subnet": [],
            "tags": null,
            "timeouts": null
          },
          "sensitive_attributes": [],
          "private": "eyJlMmJmYjczMC1lY2FhLTExZTYtOGY4OC0zNDM2M2JjN2M0YzAiOnsiY3JlYXRlIjoxODAwMDAwMDAwMDAwLCJkZWxldGUiOjE4MDAwMDAwMDAwMDAsInJlYWQiOjMwMDAwMDAwMDAwMCwidXBkYXRlIjoxODAwMDAwMDAwMDAwfX0=",
          "dependencies": [
            "azurerm_resource_group.yaeger"
          ]
        }
      ]
    }
  ],
  "check_results": null
}
